// !$*UTF8*$!
{
	archiveVersion = 1;
	classes = {
	};
	objectVersion = 56;
	objects = {

/* Begin PBXBuildFile section */
		602E000628E0A8250020A1C6 /* ParameterSpecBase.swift in Sources */ = {isa = PBXBuildFile; fileRef = 602E000528E0A8250020A1C6 /* ParameterSpecBase.swift */; };
		602E000B28E0A8250020A1C6 /* String+Utils.swift in Sources */ = {isa = PBXBuildFile; fileRef = 602E000A28E0A8250020A1C6 /* String+Utils.swift */; };
		602E000F28E0A8250020A1C6 /* BasicAudioUnit.swift in Sources */ = {isa = PBXBuildFile; fileRef = 602E000E28E0A8250020A1C6 /* BasicAudioUnit.swift */; };
		602E001628E0A8250020A1C6 /* Parameters.swift in Sources */ = {isa = PBXBuildFile; fileRef = 602E001528E0A8250020A1C6 /* Parameters.swift */; };
		602E001D28E0A8250020A1C6 /* MainView.swift in Sources */ = {isa = PBXBuildFile; fileRef = 602E001C28E0A8250020A1C6 /* MainView.swift */; };
		602E001F28E0A8250020A1C6 /* ParameterSlider.swift in Sources */ = {isa = PBXBuildFile; fileRef = 602E001E28E0A8250020A1C6 /* ParameterSlider.swift */; };
		602E002628E0A8250020A1C6 /* ObservableAUParameter.swift in Sources */ = {isa = PBXBuildFile; fileRef = 602E002528E0A8250020A1C6 /* ObservableAUParameter.swift */; };
		602E002828E0A8250020A1C6 /* AudioUnitViewController.swift in Sources */ = {isa = PBXBuildFile; fileRef = 602E002728E0A8250020A1C6 /* AudioUnitViewController.swift */; };
		602E004628E0FFA70020A1C6 /* AudioKit in Frameworks */ = {isa = PBXBuildFile; productRef = 602E004528E0FFA70020A1C6 /* AudioKit */; };
		602EFFC228E0A8230020A1C6 /* ContentView.swift in Sources */ = {isa = PBXBuildFile; fileRef = 602EFFC128E0A8230020A1C6 /* ContentView.swift */; };
		602EFFC628E0A8230020A1C6 /* ViewControllerRepresentable.swift in Sources */ = {isa = PBXBuildFile; fileRef = 602EFFC528E0A8230020A1C6 /* ViewControllerRepresentable.swift */; };
		602EFFCB28E0A8230020A1C6 /* AppAudio.swift in Sources */ = {isa = PBXBuildFile; fileRef = 602EFFCA28E0A8230020A1C6 /* AppAudio.swift */; };
		602EFFD028E0A8230020A1C6 /* StringHelpers.swift in Sources */ = {isa = PBXBuildFile; fileRef = 602EFFCF28E0A8230020A1C6 /* StringHelpers.swift */; };
		602EFFD328E0A8230020A1C6 /* MIDIManager.swift in Sources */ = {isa = PBXBuildFile; fileRef = 602EFFD228E0A8230020A1C6 /* MIDIManager.swift */; };
		602EFFD628E0A8230020A1C6 /* ViewModels.swift in Sources */ = {isa = PBXBuildFile; fileRef = 602EFFD528E0A8230020A1C6 /* ViewModels.swift */; };
		602EFFDA28E0A8230020A1C6 /* MainApp.swift in Sources */ = {isa = PBXBuildFile; fileRef = 602EFFD928E0A8230020A1C6 /* MainApp.swift */; };
		602EFFFC28E0A8240020A1C6 /* A Basic Audio UnitExtension.appex in Embed Foundation Extensions */ = {isa = PBXBuildFile; fileRef = 602EFFFB28E0A8240020A1C6 /* A Basic Audio UnitExtension.appex */; settings = {ATTRIBUTES = (RemoveHeadersOnCopy, ); }; };
		6071BB59291766C2004641F3 /* MIDIKit in Frameworks */ = {isa = PBXBuildFile; productRef = 6071BB58291766C2004641F3 /* MIDIKit */; };
/* End PBXBuildFile section */

/* Begin PBXContainerItemProxy section */
		602EFFFD28E0A8240020A1C6 /* PBXContainerItemProxy */ = {
			isa = PBXContainerItemProxy;
			containerPortal = 602EFFB628E0A8230020A1C6 /* Project object */;
			proxyType = 1;
			remoteGlobalIDString = 602EFFFA28E0A8240020A1C6;
			remoteInfo = "A Basic Audio UnitExtension";
		};
/* End PBXContainerItemProxy section */

/* Begin PBXCopyFilesBuildPhase section */
		602E002F28E0A8250020A1C6 /* Embed Foundation Extensions */ = {
			isa = PBXCopyFilesBuildPhase;
			buildActionMask = 2147483647;
			dstPath = "";
			dstSubfolderSpec = 13;
			files = (
				602EFFFC28E0A8240020A1C6 /* A Basic Audio UnitExtension.appex in Embed Foundation Extensions */,
			);
			name = "Embed Foundation Extensions";
			runOnlyForDeploymentPostprocessing = 0;
		};
/* End PBXCopyFilesBuildPhase section */

/* Begin PBXFileReference section */
		602E000528E0A8250020A1C6 /* ParameterSpecBase.swift */ = {isa = PBXFileReference; lastKnownFileType = sourcecode.swift; path = ParameterSpecBase.swift; sourceTree = "<group>"; };
		602E000A28E0A8250020A1C6 /* String+Utils.swift */ = {isa = PBXFileReference; lastKnownFileType = sourcecode.swift; path = "String+Utils.swift"; sourceTree = "<group>"; };
		602E000E28E0A8250020A1C6 /* BasicAudioUnit.swift */ = {isa = PBXFileReference; lastKnownFileType = sourcecode.swift; path = BasicAudioUnit.swift; sourceTree = "<group>"; };
		602E001528E0A8250020A1C6 /* Parameters.swift */ = {isa = PBXFileReference; lastKnownFileType = sourcecode.swift; path = Parameters.swift; sourceTree = "<group>"; };
		602E001C28E0A8250020A1C6 /* MainView.swift */ = {isa = PBXFileReference; lastKnownFileType = sourcecode.swift; path = MainView.swift; sourceTree = "<group>"; };
		602E001E28E0A8250020A1C6 /* ParameterSlider.swift */ = {isa = PBXFileReference; lastKnownFileType = sourcecode.swift; path = ParameterSlider.swift; sourceTree = "<group>"; };
		602E002528E0A8250020A1C6 /* ObservableAUParameter.swift */ = {isa = PBXFileReference; lastKnownFileType = sourcecode.swift; path = ObservableAUParameter.swift; sourceTree = "<group>"; };
		602E002728E0A8250020A1C6 /* AudioUnitViewController.swift */ = {isa = PBXFileReference; lastKnownFileType = sourcecode.swift; path = AudioUnitViewController.swift; sourceTree = "<group>"; };
		602E002928E0A8250020A1C6 /* Info.plist */ = {isa = PBXFileReference; lastKnownFileType = text.plist.xml; path = Info.plist; sourceTree = "<group>"; };
		602EFFBE28E0A8230020A1C6 /* A Basic Audio Unit.app */ = {isa = PBXFileReference; explicitFileType = wrapper.application; includeInIndex = 0; path = "A Basic Audio Unit.app"; sourceTree = BUILT_PRODUCTS_DIR; };
		602EFFC128E0A8230020A1C6 /* ContentView.swift */ = {isa = PBXFileReference; lastKnownFileType = sourcecode.swift; path = ContentView.swift; sourceTree = "<group>"; };
		602EFFC528E0A8230020A1C6 /* ViewControllerRepresentable.swift */ = {isa = PBXFileReference; lastKnownFileType = sourcecode.swift; path = ViewControllerRepresentable.swift; sourceTree = "<group>"; };
		602EFFCA28E0A8230020A1C6 /* AppAudio.swift */ = {isa = PBXFileReference; lastKnownFileType = sourcecode.swift; path = AppAudio.swift; sourceTree = "<group>"; };
		602EFFCF28E0A8230020A1C6 /* StringHelpers.swift */ = {isa = PBXFileReference; lastKnownFileType = sourcecode.swift; path = StringHelpers.swift; sourceTree = "<group>"; };
		602EFFD228E0A8230020A1C6 /* MIDIManager.swift */ = {isa = PBXFileReference; lastKnownFileType = sourcecode.swift; path = MIDIManager.swift; sourceTree = "<group>"; };
		602EFFD528E0A8230020A1C6 /* ViewModels.swift */ = {isa = PBXFileReference; lastKnownFileType = sourcecode.swift; path = ViewModels.swift; sourceTree = "<group>"; };
		602EFFD928E0A8230020A1C6 /* MainApp.swift */ = {isa = PBXFileReference; lastKnownFileType = sourcecode.swift; path = MainApp.swift; sourceTree = "<group>"; };
		602EFFE028E0A8240020A1C6 /* Entitlements.entitlements */ = {isa = PBXFileReference; lastKnownFileType = text.plist.entitlements; path = Entitlements.entitlements; sourceTree = "<group>"; };
		602EFFFB28E0A8240020A1C6 /* A Basic Audio UnitExtension.appex */ = {isa = PBXFileReference; explicitFileType = "wrapper.app-extension"; includeInIndex = 0; path = "A Basic Audio UnitExtension.appex"; sourceTree = BUILT_PRODUCTS_DIR; };
/* End PBXFileReference section */

/* Begin PBXFrameworksBuildPhase section */
		602EFFBB28E0A8230020A1C6 /* Frameworks */ = {
			isa = PBXFrameworksBuildPhase;
			buildActionMask = 2147483647;
			files = (
				6071BB59291766C2004641F3 /* MIDIKit in Frameworks */,
			);
			runOnlyForDeploymentPostprocessing = 0;
		};
		602EFFF828E0A8240020A1C6 /* Frameworks */ = {
			isa = PBXFrameworksBuildPhase;
			buildActionMask = 2147483647;
			files = (
				602E004628E0FFA70020A1C6 /* AudioKit in Frameworks */,
			);
			runOnlyForDeploymentPostprocessing = 0;
		};
/* End PBXFrameworksBuildPhase section */

/* Begin PBXGroup section */
		602E003C28E0BA1E0020A1C6 /* Frameworks */ = {
			isa = PBXGroup;
			children = (
			);
			name = Frameworks;
			sourceTree = "<group>";
		};
		602EFFB528E0A8230020A1C6 = {
			isa = PBXGroup;
			children = (
				602EFFC028E0A8230020A1C6 /* App */,
				602EFFFF28E0A8240020A1C6 /* Audio Unit */,
				602EFFBF28E0A8230020A1C6 /* Products */,
				602E003C28E0BA1E0020A1C6 /* Frameworks */,
			);
			sourceTree = "<group>";
		};
		602EFFBF28E0A8230020A1C6 /* Products */ = {
			isa = PBXGroup;
			children = (
				602EFFBE28E0A8230020A1C6 /* A Basic Audio Unit.app */,
				602EFFFB28E0A8240020A1C6 /* A Basic Audio UnitExtension.appex */,
			);
			name = Products;
			sourceTree = "<group>";
		};
		602EFFC028E0A8230020A1C6 /* App */ = {
			isa = PBXGroup;
			children = (
				602EFFE028E0A8240020A1C6 /* Entitlements.entitlements */,
				602EFFD928E0A8230020A1C6 /* MainApp.swift */,
				602EFFC128E0A8230020A1C6 /* ContentView.swift */,
				602EFFD528E0A8230020A1C6 /* ViewModels.swift */,
				602EFFCA28E0A8230020A1C6 /* AppAudio.swift */,
				602EFFC528E0A8230020A1C6 /* ViewControllerRepresentable.swift */,
				602EFFD228E0A8230020A1C6 /* MIDIManager.swift */,
				602EFFCF28E0A8230020A1C6 /* StringHelpers.swift */,
			);
			path = App;
			sourceTree = "<group>";
		};
		602EFFFF28E0A8240020A1C6 /* Audio Unit */ = {
			isa = PBXGroup;
			children = (
				602E002928E0A8250020A1C6 /* Info.plist */,
				602E002728E0A8250020A1C6 /* AudioUnitViewController.swift */,
				602E001C28E0A8250020A1C6 /* MainView.swift */,
				602E001E28E0A8250020A1C6 /* ParameterSlider.swift */,
				602E002528E0A8250020A1C6 /* ObservableAUParameter.swift */,
				602E000E28E0A8250020A1C6 /* BasicAudioUnit.swift */,
				602E001528E0A8250020A1C6 /* Parameters.swift */,
				602E000528E0A8250020A1C6 /* ParameterSpecBase.swift */,
				602E000A28E0A8250020A1C6 /* String+Utils.swift */,
			);
			path = "Audio Unit";
			sourceTree = "<group>";
		};
/* End PBXGroup section */

/* Begin PBXNativeTarget section */
		602EFFBD28E0A8230020A1C6 /* A Basic Audio Unit */ = {
			isa = PBXNativeTarget;
			buildConfigurationList = 602E003028E0A8250020A1C6 /* Build configuration list for PBXNativeTarget "A Basic Audio Unit" */;
			buildPhases = (
				602EFFBA28E0A8230020A1C6 /* Sources */,
				602EFFBB28E0A8230020A1C6 /* Frameworks */,
				602EFFBC28E0A8230020A1C6 /* Resources */,
				602E002F28E0A8250020A1C6 /* Embed Foundation Extensions */,
			);
			buildRules = (
			);
			dependencies = (
				602EFFFE28E0A8240020A1C6 /* PBXTargetDependency */,
			);
			name = "A Basic Audio Unit";
			packageProductDependencies = (
				6071BB58291766C2004641F3 /* MIDIKit */,
			);
			productName = "A Basic Audio Unit";
			productReference = 602EFFBE28E0A8230020A1C6 /* A Basic Audio Unit.app */;
			productType = "com.apple.product-type.application";
		};
		602EFFFA28E0A8240020A1C6 /* A Basic Audio UnitExtension */ = {
			isa = PBXNativeTarget;
			buildConfigurationList = 602E002C28E0A8250020A1C6 /* Build configuration list for PBXNativeTarget "A Basic Audio UnitExtension" */;
			buildPhases = (
				602EFFF728E0A8240020A1C6 /* Sources */,
				602EFFF828E0A8240020A1C6 /* Frameworks */,
				602EFFF928E0A8240020A1C6 /* Resources */,
			);
			buildRules = (
			);
			dependencies = (
			);
			name = "A Basic Audio UnitExtension";
			packageProductDependencies = (
				602E004528E0FFA70020A1C6 /* AudioKit */,
			);
			productName = "A Basic Audio UnitExtension";
			productReference = 602EFFFB28E0A8240020A1C6 /* A Basic Audio UnitExtension.appex */;
			productType = "com.apple.product-type.app-extension";
		};
/* End PBXNativeTarget section */

/* Begin PBXProject section */
		602EFFB628E0A8230020A1C6 /* Project object */ = {
			isa = PBXProject;
			attributes = {
				BuildIndependentTargetsInParallel = 1;
				LastSwiftUpdateCheck = 1410;
				LastUpgradeCheck = 1410;
				TargetAttributes = {
					602EFFBD28E0A8230020A1C6 = {
						CreatedOnToolsVersion = 14.1;
					};
					602EFFFA28E0A8240020A1C6 = {
						CreatedOnToolsVersion = 14.1;
					};
				};
			};
			buildConfigurationList = 602EFFB928E0A8230020A1C6 /* Build configuration list for PBXProject "A Basic Audio Unit" */;
			compatibilityVersion = "Xcode 14.0";
			developmentRegion = en;
			hasScannedForEncodings = 0;
			knownRegions = (
				en,
				Base,
			);
			mainGroup = 602EFFB528E0A8230020A1C6;
			packageReferences = (
				602E004228E0FF890020A1C6 /* XCRemoteSwiftPackageReference "AudioKit" */,
				6071BB57291766C2004641F3 /* XCRemoteSwiftPackageReference "MIDIKit" */,
			);
			productRefGroup = 602EFFBF28E0A8230020A1C6 /* Products */;
			projectDirPath = "";
			projectRoot = "";
			targets = (
				602EFFBD28E0A8230020A1C6 /* A Basic Audio Unit */,
				602EFFFA28E0A8240020A1C6 /* A Basic Audio UnitExtension */,
			);
		};
/* End PBXProject section */

/* Begin PBXResourcesBuildPhase section */
		602EFFBC28E0A8230020A1C6 /* Resources */ = {
			isa = PBXResourcesBuildPhase;
			buildActionMask = 2147483647;
			files = (
			);
			runOnlyForDeploymentPostprocessing = 0;
		};
		602EFFF928E0A8240020A1C6 /* Resources */ = {
			isa = PBXResourcesBuildPhase;
			buildActionMask = 2147483647;
			files = (
			);
			runOnlyForDeploymentPostprocessing = 0;
		};
/* End PBXResourcesBuildPhase section */

/* Begin PBXSourcesBuildPhase section */
		602EFFBA28E0A8230020A1C6 /* Sources */ = {
			isa = PBXSourcesBuildPhase;
			buildActionMask = 2147483647;
			files = (
				602EFFD628E0A8230020A1C6 /* ViewModels.swift in Sources */,
				602EFFD028E0A8230020A1C6 /* StringHelpers.swift in Sources */,
				602EFFD328E0A8230020A1C6 /* MIDIManager.swift in Sources */,
				602EFFDA28E0A8230020A1C6 /* MainApp.swift in Sources */,
				602EFFC228E0A8230020A1C6 /* ContentView.swift in Sources */,
				602EFFC628E0A8230020A1C6 /* ViewControllerRepresentable.swift in Sources */,
				602EFFCB28E0A8230020A1C6 /* AppAudio.swift in Sources */,
			);
			runOnlyForDeploymentPostprocessing = 0;
		};
		602EFFF728E0A8240020A1C6 /* Sources */ = {
			isa = PBXSourcesBuildPhase;
			buildActionMask = 2147483647;
			files = (
				602E001628E0A8250020A1C6 /* Parameters.swift in Sources */,
				602E000F28E0A8250020A1C6 /* BasicAudioUnit.swift in Sources */,
				602E002628E0A8250020A1C6 /* ObservableAUParameter.swift in Sources */,
				602E000628E0A8250020A1C6 /* ParameterSpecBase.swift in Sources */,
				602E001D28E0A8250020A1C6 /* MainView.swift in Sources */,
				602E002828E0A8250020A1C6 /* AudioUnitViewController.swift in Sources */,
				602E001F28E0A8250020A1C6 /* ParameterSlider.swift in Sources */,
				602E000B28E0A8250020A1C6 /* String+Utils.swift in Sources */,
			);
			runOnlyForDeploymentPostprocessing = 0;
		};
/* End PBXSourcesBuildPhase section */

/* Begin PBXTargetDependency section */
		602EFFFE28E0A8240020A1C6 /* PBXTargetDependency */ = {
			isa = PBXTargetDependency;
			target = 602EFFFA28E0A8240020A1C6 /* A Basic Audio UnitExtension */;
			targetProxy = 602EFFFD28E0A8240020A1C6 /* PBXContainerItemProxy */;
		};
/* End PBXTargetDependency section */

/* Begin XCBuildConfiguration section */
		602E002A28E0A8250020A1C6 /* Debug */ = {
			isa = XCBuildConfiguration;
			buildSettings = {
				ALWAYS_SEARCH_USER_PATHS = NO;
				CLANG_ANALYZER_NONNULL = YES;
				CLANG_ANALYZER_NUMBER_OBJECT_CONVERSION = YES_AGGRESSIVE;
				CLANG_CXX_LANGUAGE_STANDARD = "gnu++20";
				CLANG_ENABLE_MODULES = YES;
				CLANG_ENABLE_OBJC_ARC = YES;
				CLANG_ENABLE_OBJC_WEAK = YES;
				CLANG_WARN_BLOCK_CAPTURE_AUTORELEASING = YES;
				CLANG_WARN_BOOL_CONVERSION = YES;
				CLANG_WARN_COMMA = YES;
				CLANG_WARN_CONSTANT_CONVERSION = YES;
				CLANG_WARN_DEPRECATED_OBJC_IMPLEMENTATIONS = YES;
				CLANG_WARN_DIRECT_OBJC_ISA_USAGE = YES_ERROR;
				CLANG_WARN_DOCUMENTATION_COMMENTS = YES;
				CLANG_WARN_EMPTY_BODY = YES;
				CLANG_WARN_ENUM_CONVERSION = YES;
				CLANG_WARN_INFINITE_RECURSION = YES;
				CLANG_WARN_INT_CONVERSION = YES;
				CLANG_WARN_NON_LITERAL_NULL_CONVERSION = YES;
				CLANG_WARN_OBJC_IMPLICIT_RETAIN_SELF = YES;
				CLANG_WARN_OBJC_LITERAL_CONVERSION = YES;
				CLANG_WARN_OBJC_ROOT_CLASS = YES_ERROR;
				CLANG_WARN_QUOTED_INCLUDE_IN_FRAMEWORK_HEADER = YES;
				CLANG_WARN_RANGE_LOOP_ANALYSIS = YES;
				CLANG_WARN_STRICT_PROTOTYPES = YES;
				CLANG_WARN_SUSPICIOUS_MOVE = YES;
				CLANG_WARN_UNGUARDED_AVAILABILITY = YES_AGGRESSIVE;
				CLANG_WARN_UNREACHABLE_CODE = YES;
				CLANG_WARN__DUPLICATE_METHOD_MATCH = YES;
				CODE_SIGN_ENTITLEMENTS = "A Basic Audio Unit/A_Basic_Audio_Unit.entitlements";
				COPY_PHASE_STRIP = NO;
				DEBUG_INFORMATION_FORMAT = dwarf;
				ENABLE_STRICT_OBJC_MSGSEND = YES;
				ENABLE_TESTABILITY = YES;
				GCC_C_LANGUAGE_STANDARD = gnu11;
				GCC_DYNAMIC_NO_PIC = NO;
				GCC_NO_COMMON_BLOCKS = YES;
				GCC_OPTIMIZATION_LEVEL = 0;
				GCC_PREPROCESSOR_DEFINITIONS = (
					"DEBUG=1",
					"$(inherited)",
				);
				GCC_WARN_64_TO_32_BIT_CONVERSION = YES;
				GCC_WARN_ABOUT_RETURN_TYPE = YES_ERROR;
				GCC_WARN_UNDECLARED_SELECTOR = YES;
				GCC_WARN_UNINITIALIZED_AUTOS = YES_AGGRESSIVE;
				GCC_WARN_UNUSED_FUNCTION = YES;
				GCC_WARN_UNUSED_VARIABLE = YES;
				IPHONEOS_DEPLOYMENT_TARGET = 16.1;
				MTL_ENABLE_DEBUG_INFO = INCLUDE_SOURCE;
				MTL_FAST_MATH = YES;
				ONLY_ACTIVE_ARCH = YES;
				SDKROOT = iphoneos;
				SWIFT_ACTIVE_COMPILATION_CONDITIONS = DEBUG;
				SWIFT_OPTIMIZATION_LEVEL = "-Onone";
			};
			name = Debug;
		};
		602E002B28E0A8250020A1C6 /* Release */ = {
			isa = XCBuildConfiguration;
			buildSettings = {
				ALWAYS_SEARCH_USER_PATHS = NO;
				CLANG_ANALYZER_NONNULL = YES;
				CLANG_ANALYZER_NUMBER_OBJECT_CONVERSION = YES_AGGRESSIVE;
				CLANG_CXX_LANGUAGE_STANDARD = "gnu++20";
				CLANG_ENABLE_MODULES = YES;
				CLANG_ENABLE_OBJC_ARC = YES;
				CLANG_ENABLE_OBJC_WEAK = YES;
				CLANG_WARN_BLOCK_CAPTURE_AUTORELEASING = YES;
				CLANG_WARN_BOOL_CONVERSION = YES;
				CLANG_WARN_COMMA = YES;
				CLANG_WARN_CONSTANT_CONVERSION = YES;
				CLANG_WARN_DEPRECATED_OBJC_IMPLEMENTATIONS = YES;
				CLANG_WARN_DIRECT_OBJC_ISA_USAGE = YES_ERROR;
				CLANG_WARN_DOCUMENTATION_COMMENTS = YES;
				CLANG_WARN_EMPTY_BODY = YES;
				CLANG_WARN_ENUM_CONVERSION = YES;
				CLANG_WARN_INFINITE_RECURSION = YES;
				CLANG_WARN_INT_CONVERSION = YES;
				CLANG_WARN_NON_LITERAL_NULL_CONVERSION = YES;
				CLANG_WARN_OBJC_IMPLICIT_RETAIN_SELF = YES;
				CLANG_WARN_OBJC_LITERAL_CONVERSION = YES;
				CLANG_WARN_OBJC_ROOT_CLASS = YES_ERROR;
				CLANG_WARN_QUOTED_INCLUDE_IN_FRAMEWORK_HEADER = YES;
				CLANG_WARN_RANGE_LOOP_ANALYSIS = YES;
				CLANG_WARN_STRICT_PROTOTYPES = YES;
				CLANG_WARN_SUSPICIOUS_MOVE = YES;
				CLANG_WARN_UNGUARDED_AVAILABILITY = YES_AGGRESSIVE;
				CLANG_WARN_UNREACHABLE_CODE = YES;
				CLANG_WARN__DUPLICATE_METHOD_MATCH = YES;
				CODE_SIGN_ENTITLEMENTS = "A Basic Audio Unit/A_Basic_Audio_Unit.entitlements";
				COPY_PHASE_STRIP = NO;
				DEBUG_INFORMATION_FORMAT = "dwarf-with-dsym";
				ENABLE_NS_ASSERTIONS = NO;
				ENABLE_STRICT_OBJC_MSGSEND = YES;
				GCC_C_LANGUAGE_STANDARD = gnu11;
				GCC_NO_COMMON_BLOCKS = YES;
				GCC_WARN_64_TO_32_BIT_CONVERSION = YES;
				GCC_WARN_ABOUT_RETURN_TYPE = YES_ERROR;
				GCC_WARN_UNDECLARED_SELECTOR = YES;
				GCC_WARN_UNINITIALIZED_AUTOS = YES_AGGRESSIVE;
				GCC_WARN_UNUSED_FUNCTION = YES;
				GCC_WARN_UNUSED_VARIABLE = YES;
				IPHONEOS_DEPLOYMENT_TARGET = 16.1;
				MTL_ENABLE_DEBUG_INFO = NO;
				MTL_FAST_MATH = YES;
				SDKROOT = iphoneos;
				SWIFT_COMPILATION_MODE = wholemodule;
				SWIFT_OPTIMIZATION_LEVEL = "-O";
				VALIDATE_PRODUCT = YES;
			};
			name = Release;
		};
		602E002D28E0A8250020A1C6 /* Debug */ = {
			isa = XCBuildConfiguration;
			buildSettings = {
				CLANG_CXX_LANGUAGE_STANDARD = "c++20";
				CLANG_CXX_LIBRARY = "libc++";
				CODE_SIGN_ENTITLEMENTS = App/Entitlements.entitlements;
				CODE_SIGN_IDENTITY = "Apple Development";
				CODE_SIGN_STYLE = Automatic;
				CURRENT_PROJECT_VERSION = 1;
				DEVELOPMENT_TEAM = 6CV59M265C;
				GENERATE_INFOPLIST_FILE = YES;
				INFOPLIST_FILE = "Audio Unit/Info.plist";
				INFOPLIST_KEY_CFBundleDisplayName = "A Basic Audio Unit";
				INFOPLIST_KEY_NSHumanReadableCopyright = "";
				LD_RUNPATH_SEARCH_PATHS = (
					"$(inherited)",
					"@executable_path/Frameworks",
					"@executable_path/../../Frameworks",
				);
				MARKETING_VERSION = 1.0;
				PRODUCT_BUNDLE_IDENTIFIER = "io.auraaudio.A-Basic-Audio-Unit.A-Basic-Audio-UnitExtension";
				PRODUCT_NAME = "$(TARGET_NAME)";
				PROVISIONING_PROFILE_SPECIFIER = "";
				SKIP_INSTALL = YES;
				SUPPORTS_MACCATALYST = YES;
				SWIFT_EMIT_LOC_STRINGS = YES;
				SWIFT_INSTALL_OBJC_HEADER = NO;
				SWIFT_OBJC_BRIDGING_HEADER = "";
				SWIFT_PRECOMPILE_BRIDGING_HEADER = NO;
				SWIFT_VERSION = 5.0;
				TARGETED_DEVICE_FAMILY = "1,2";
			};
			name = Debug;
		};
		602E002E28E0A8250020A1C6 /* Release */ = {
			isa = XCBuildConfiguration;
			buildSettings = {
				CLANG_CXX_LANGUAGE_STANDARD = "c++20";
				CLANG_CXX_LIBRARY = "libc++";
				CODE_SIGN_ENTITLEMENTS = App/Entitlements.entitlements;
				CODE_SIGN_IDENTITY = "Apple Development";
				CODE_SIGN_STYLE = Automatic;
				CURRENT_PROJECT_VERSION = 1;
				DEVELOPMENT_TEAM = 6CV59M265C;
				GENERATE_INFOPLIST_FILE = YES;
				INFOPLIST_FILE = "Audio Unit/Info.plist";
				INFOPLIST_KEY_CFBundleDisplayName = "A Basic Audio Unit";
				INFOPLIST_KEY_NSHumanReadableCopyright = "";
				LD_RUNPATH_SEARCH_PATHS = (
					"$(inherited)",
					"@executable_path/Frameworks",
					"@executable_path/../../Frameworks",
				);
				MARKETING_VERSION = 1.0;
				PRODUCT_BUNDLE_IDENTIFIER = "io.auraaudio.A-Basic-Audio-Unit.A-Basic-Audio-UnitExtension";
				PRODUCT_NAME = "$(TARGET_NAME)";
				PROVISIONING_PROFILE_SPECIFIER = "";
				SKIP_INSTALL = YES;
				SUPPORTS_MACCATALYST = YES;
				SWIFT_EMIT_LOC_STRINGS = YES;
				SWIFT_INSTALL_OBJC_HEADER = NO;
				SWIFT_OBJC_BRIDGING_HEADER = "";
				SWIFT_PRECOMPILE_BRIDGING_HEADER = NO;
				SWIFT_VERSION = 5.0;
				TARGETED_DEVICE_FAMILY = "1,2";
			};
			name = Release;
		};
		602E003128E0A8250020A1C6 /* Debug */ = {
			isa = XCBuildConfiguration;
			buildSettings = {
				ALWAYS_EMBED_SWIFT_STANDARD_LIBRARIES = YES;
				ASSETCATALOG_COMPILER_APPICON_NAME = AppIcon;
				ASSETCATALOG_COMPILER_GLOBAL_ACCENT_COLOR_NAME = AccentColor;
				CODE_SIGN_ENTITLEMENTS = App/Entitlements.entitlements;
				CODE_SIGN_STYLE = Automatic;
				CURRENT_PROJECT_VERSION = 1;
				DEVELOPMENT_ASSET_PATHS = "\"\"";
				DEVELOPMENT_TEAM = 6CV59M265C;
				ENABLE_PREVIEWS = YES;
				GENERATE_INFOPLIST_FILE = YES;
				INFOPLIST_KEY_UIApplicationSceneManifest_Generation = YES;
				INFOPLIST_KEY_UIApplicationSupportsIndirectInputEvents = YES;
				INFOPLIST_KEY_UILaunchScreen_Generation = YES;
				INFOPLIST_KEY_UISupportedInterfaceOrientations_iPad = "UIInterfaceOrientationPortrait UIInterfaceOrientationPortraitUpsideDown UIInterfaceOrientationLandscapeLeft UIInterfaceOrientationLandscapeRight";
				INFOPLIST_KEY_UISupportedInterfaceOrientations_iPhone = "UIInterfaceOrientationPortrait UIInterfaceOrientationLandscapeLeft UIInterfaceOrientationLandscapeRight";
				IPHONEOS_DEPLOYMENT_TARGET = 15.0;
				LD_RUNPATH_SEARCH_PATHS = (
					"$(inherited)",
					"@executable_path/Frameworks",
				);
				MARKETING_VERSION = 1.0;
				PRODUCT_BUNDLE_IDENTIFIER = "io.auraaudio.A-Basic-Audio-Unit";
				PRODUCT_NAME = "$(TARGET_NAME)";
				SUPPORTED_PLATFORMS = "iphoneos iphonesimulator";
				SUPPORTS_MACCATALYST = YES;
				SUPPORTS_MAC_DESIGNED_FOR_IPHONE_IPAD = NO;
				SWIFT_EMIT_LOC_STRINGS = YES;
				SWIFT_INSTALL_OBJC_HEADER = NO;
				SWIFT_PRECOMPILE_BRIDGING_HEADER = NO;
				SWIFT_VERSION = 5.0;
				TARGETED_DEVICE_FAMILY = "1,2";
			};
			name = Debug;
		};
		602E003228E0A8250020A1C6 /* Release */ = {
			isa = XCBuildConfiguration;
			buildSettings = {
				ALWAYS_EMBED_SWIFT_STANDARD_LIBRARIES = YES;
				ASSETCATALOG_COMPILER_APPICON_NAME = AppIcon;
				ASSETCATALOG_COMPILER_GLOBAL_ACCENT_COLOR_NAME = AccentColor;
				CODE_SIGN_ENTITLEMENTS = App/Entitlements.entitlements;
				CODE_SIGN_STYLE = Automatic;
				CURRENT_PROJECT_VERSION = 1;
				DEVELOPMENT_ASSET_PATHS = "\"\"";
				DEVELOPMENT_TEAM = 6CV59M265C;
				ENABLE_PREVIEWS = YES;
				GENERATE_INFOPLIST_FILE = YES;
				INFOPLIST_KEY_UIApplicationSceneManifest_Generation = YES;
				INFOPLIST_KEY_UIApplicationSupportsIndirectInputEvents = YES;
				INFOPLIST_KEY_UILaunchScreen_Generation = YES;
				INFOPLIST_KEY_UISupportedInterfaceOrientations_iPad = "UIInterfaceOrientationPortrait UIInterfaceOrientationPortraitUpsideDown UIInterfaceOrientationLandscapeLeft UIInterfaceOrientationLandscapeRight";
				INFOPLIST_KEY_UISupportedInterfaceOrientations_iPhone = "UIInterfaceOrientationPortrait UIInterfaceOrientationLandscapeLeft UIInterfaceOrientationLandscapeRight";
				IPHONEOS_DEPLOYMENT_TARGET = 15.0;
				LD_RUNPATH_SEARCH_PATHS = (
					"$(inherited)",
					"@executable_path/Frameworks",
				);
				MARKETING_VERSION = 1.0;
				PRODUCT_BUNDLE_IDENTIFIER = "io.auraaudio.A-Basic-Audio-Unit";
				PRODUCT_NAME = "$(TARGET_NAME)";
				SUPPORTED_PLATFORMS = "iphoneos iphonesimulator";
				SUPPORTS_MACCATALYST = YES;
				SUPPORTS_MAC_DESIGNED_FOR_IPHONE_IPAD = NO;
				SWIFT_EMIT_LOC_STRINGS = YES;
				SWIFT_INSTALL_OBJC_HEADER = NO;
				SWIFT_PRECOMPILE_BRIDGING_HEADER = NO;
				SWIFT_VERSION = 5.0;
				TARGETED_DEVICE_FAMILY = "1,2";
			};
			name = Release;
		};
/* End XCBuildConfiguration section */

/* Begin XCConfigurationList section */
		602E002C28E0A8250020A1C6 /* Build configuration list for PBXNativeTarget "A Basic Audio UnitExtension" */ = {
			isa = XCConfigurationList;
			buildConfigurations = (
				602E002D28E0A8250020A1C6 /* Debug */,
				602E002E28E0A8250020A1C6 /* Release */,
			);
			defaultConfigurationIsVisible = 0;
			defaultConfigurationName = Release;
		};
		602E003028E0A8250020A1C6 /* Build configuration list for PBXNativeTarget "A Basic Audio Unit" */ = {
			isa = XCConfigurationList;
			buildConfigurations = (
				602E003128E0A8250020A1C6 /* Debug */,
				602E003228E0A8250020A1C6 /* Release */,
			);
			defaultConfigurationIsVisible = 0;
			defaultConfigurationName = Release;
		};
		602EFFB928E0A8230020A1C6 /* Build configuration list for PBXProject "A Basic Audio Unit" */ = {
			isa = XCConfigurationList;
			buildConfigurations = (
				602E002A28E0A8250020A1C6 /* Debug */,
				602E002B28E0A8250020A1C6 /* Release */,
			);
			defaultConfigurationIsVisible = 0;
			defaultConfigurationName = Release;
		};
/* End XCConfigurationList section */

/* Begin XCRemoteSwiftPackageReference section */
		602E004228E0FF890020A1C6 /* XCRemoteSwiftPackageReference "AudioKit" */ = {
			isa = XCRemoteSwiftPackageReference;
			repositoryURL = "https://github.com/AudioKit/AudioKit";
			requirement = {
				branch = main;
				kind = branch;
			};
		};
		6071BB57291766C2004641F3 /* XCRemoteSwiftPackageReference "MIDIKit" */ = {
			isa = XCRemoteSwiftPackageReference;
			repositoryURL = "https://github.com/orchetect/MIDIKit";
			requirement = {
				branch = main;
				kind = branch;
			};
		};
/* End XCRemoteSwiftPackageReference section */

/* Begin XCSwiftPackageProductDependency section */
		602E004528E0FFA70020A1C6 /* AudioKit */ = {
			isa = XCSwiftPackageProductDependency;
			package = 602E004228E0FF890020A1C6 /* XCRemoteSwiftPackageReference "AudioKit" */;
			productName = AudioKit;
		};
		6071BB58291766C2004641F3 /* MIDIKit */ = {
			isa = XCSwiftPackageProductDependency;
			package = 6071BB57291766C2004641F3 /* XCRemoteSwiftPackageReference "MIDIKit" */;
			productName = MIDIKit;
		};
/* End XCSwiftPackageProductDependency section */
	};
	rootObject = 602EFFB628E0A8230020A1C6 /* Project object */;
}
